{
  "nodes": {
    "flake-utils": {
      "inputs": {
        "systems": "systems"
      },
      "locked": {
        "lastModified": 1689068808,
        "narHash": "sha256-6ixXo3wt24N/melDWjq70UuHQLxGV8jZvooRanIHXw0=",
        "owner": "numtide",
        "repo": "flake-utils",
        "rev": "919d646de7be200f3bf08cb76ae1f09402b6f9b4",
        "type": "github"
      },
      "original": {
        "owner": "numtide",
        "repo": "flake-utils",
        "type": "github"
      }
    },
    "nixpkgs": {
      "locked": {
        "lastModified": 1691371061,
        "narHash": "sha256-BxPbPVlBIoneaXIBiHd0LVzA+L4nmvFCNBU6TmQAiMM=",
        "owner": "NixOS",
        "repo": "nixpkgs",
        "rev": "5068bc8fe943bde3c446326da8d0ca9c93d5a682",
        "type": "github"
      },
      "original": {
        "owner": "NixOS",
        "ref": "nixpkgs-unstable",
        "repo": "nixpkgs",
        "type": "github"
      }
    },
    "nixpkgs_2": {
      "locked": {
        "lastModified": 1692007866,
        "narHash": "sha256-X8w0vPZjZxMm68VCwh/BHDoKRGp+BgzQ6w7Nkif6IVM=",
        "owner": "NixOS",
        "repo": "nixpkgs",
        "rev": "de2b8ddf94d6cc6161b7659649594c79bd66c13b",
        "type": "github"
      },
      "original": {
        "owner": "NixOS",
        "ref": "nixpkgs-unstable",
        "repo": "nixpkgs",
        "type": "github"
      }
    },
    "resume": {
      "inputs": {
        "flake-utils": [
          "flake-utils"
        ],
        "nixpkgs": "nixpkgs_2"
      },
      "locked": {
        "lastModified": 1691395374,
        "narHash": "sha256-tKRCUoxQiLA7ZfGX/UD0soXeiyhwYf5sIWGjX9nx1qA=",
        "ref": "refs/heads/master",
        "rev": "99a7f16e4068f9c25410d884e3ef94aed5fe788d",
        "revCount": 21,
        "type": "git",
        "url": "ssh://git@github.com/nevivurn/resume"
      },
      "original": {
        "type": "git",
        "url": "ssh://git@github.com/nevivurn/resume"
      }
    },
    "root": {
      "inputs": {
        "flake-utils": "flake-utils",
        "nixpkgs": "nixpkgs",
        "resume": "resume"
      }
    },
    "systems": {
      "locked": {
        "lastModified": 1681028828,
        "narHash": "sha256-Vy1rq5AaRuLzOxct8nz4T6wlgyUR7zLU309k9mBC768=",
        "owner": "nix-systems",
        "repo": "default",
        "rev": "da67096a3b9bf56a91d16901293e51ba5b49a27e",
        "type": "github"
      },
      "original": {
        "owner": "nix-systems",
        "repo": "default",
        "type": "github"
      }
    }
  },
  "root": "root",
  "version": 7
}
