{
  "nodes": {
    "flake-utils": {
      "inputs": {
        "systems": "systems"
      },
      "locked": {
        "lastModified": 1694529238,
        "narHash": "sha256-zsNZZGTGnMOf9YpHKJqMSsa0dXbfmxeoJ7xHlrt+xmY=",
        "owner": "numtide",
        "repo": "flake-utils",
        "rev": "ff7b65b44d01cf9ba6a71320833626af21126384",
        "type": "github"
      },
      "original": {
        "owner": "numtide",
        "repo": "flake-utils",
        "type": "github"
      }
    },
    "nixpkgs": {
      "locked": {
        "lastModified": 1700786208,
        "narHash": "sha256-vP0WI7qNkg3teQJN5xjFcxgnBNiKCbkgw3X9HcAxWJY=",
        "owner": "NixOS",
        "repo": "nixpkgs",
        "rev": "8b8c9407844599546393146bfac901290e0ab96b",
        "type": "github"
      },
      "original": {
        "owner": "NixOS",
        "ref": "nixpkgs-unstable",
        "repo": "nixpkgs",
        "type": "github"
      }
    },
    "nixpkgs_2": {
      "locked": {
        "lastModified": 1700786208,
        "narHash": "sha256-vP0WI7qNkg3teQJN5xjFcxgnBNiKCbkgw3X9HcAxWJY=",
        "owner": "NixOS",
        "repo": "nixpkgs",
        "rev": "8b8c9407844599546393146bfac901290e0ab96b",
        "type": "github"
      },
      "original": {
        "owner": "NixOS",
        "ref": "nixpkgs-unstable",
        "repo": "nixpkgs",
        "type": "github"
      }
    },
    "resume": {
      "inputs": {
        "flake-utils": [
          "flake-utils"
        ],
        "nixpkgs": "nixpkgs_2"
      },
      "locked": {
        "lastModified": 1700887882,
        "narHash": "sha256-5BErCm4U6nB5PaYM8yPYnJ2Re/izhhq4Dj8YDecT7+c=",
        "ref": "refs/heads/master",
        "rev": "0396052f07ef9206ae511db771bb735c6fc029c9",
        "revCount": 27,
        "type": "git",
        "url": "ssh://git@github.com/nevivurn/resume"
      },
      "original": {
        "type": "git",
        "url": "ssh://git@github.com/nevivurn/resume"
      }
    },
    "root": {
      "inputs": {
        "flake-utils": "flake-utils",
        "nixpkgs": "nixpkgs",
        "resume": "resume"
      }
    },
    "systems": {
      "locked": {
        "lastModified": 1681028828,
        "narHash": "sha256-Vy1rq5AaRuLzOxct8nz4T6wlgyUR7zLU309k9mBC768=",
        "owner": "nix-systems",
        "repo": "default",
        "rev": "da67096a3b9bf56a91d16901293e51ba5b49a27e",
        "type": "github"
      },
      "original": {
        "owner": "nix-systems",
        "repo": "default",
        "type": "github"
      }
    }
  },
  "root": "root",
  "version": 7
}
